
Microsoft Visual Studio Solution File, Format Version 11.00
# Visual Studio 2010
Project("{FAE04EC0-301F-11D3-BF4B-00C04F79EFBC}") = "Suteki.TardisBank", "Suteki.TardisBank\Suteki.TardisBank.csproj", "{0BCB6958-4C41-4E6E-95A4-5BB087F16D93}"
EndProject
Project("{2150E333-8FDC-42A3-9474-1A3956D46DE8}") = "Solution Items", "Solution Items", "{DF64AE87-9602-47A5-AE9E-75A8C852BD0C}"
	ProjectSection(SolutionItems) = preProject
		Version.cs = Version.cs
	EndProjectSection
EndProject
Project("{FAE04EC0-301F-11D3-BF4B-00C04F79EFBC}") = "Suteki.TardisBank.Web", "Suteki.TardisBank.Web\Suteki.TardisBank.Web.csproj", "{4F0C311E-EFF8-4391-9518-3F060C34AD2D}"
EndProject
Project("{FAE04EC0-301F-11D3-BF4B-00C04F79EFBC}") = "Suteki.TardisBank.Tests", "Suteki.TardisBank.Tests\Suteki.TardisBank.Tests.csproj", "{68141492-9F9B-49A1-8AC2-EF330F521FBD}"
EndProject
Global
	GlobalSection(SolutionConfigurationPlatforms) = preSolution
		Debug|Any CPU = Debug|Any CPU
		Release|Any CPU = Release|Any CPU
	EndGlobalSection
	GlobalSection(ProjectConfigurationPlatforms) = postSolution
		{0BCB6958-4C41-4E6E-95A4-5BB087F16D93}.Debug|Any CPU.ActiveCfg = Debug|Any CPU
		{0BCB6958-4C41-4E6E-95A4-5BB087F16D93}.Debug|Any CPU.Build.0 = Debug|Any CPU
		{0BCB6958-4C41-4E6E-95A4-5BB087F16D93}.Release|Any CPU.ActiveCfg = Release|Any CPU
		{0BCB6958-4C41-4E6E-95A4-5BB087F16D93}.Release|Any CPU.Build.0 = Release|Any CPU
		{4F0C311E-EFF8-4391-9518-3F060C34AD2D}.Debug|Any CPU.ActiveCfg = Debug|Any CPU
		{4F0C311E-EFF8-4391-9518-3F060C34AD2D}.Debug|Any CPU.Build.0 = Debug|Any CPU
		{4F0C311E-EFF8-4391-9518-3F060C34AD2D}.Release|Any CPU.ActiveCfg = Release|Any CPU
		{4F0C311E-EFF8-4391-9518-3F060C34AD2D}.Release|Any CPU.Build.0 = Release|Any CPU
		{68141492-9F9B-49A1-8AC2-EF330F521FBD}.Debug|Any CPU.ActiveCfg = Debug|Any CPU
		{68141492-9F9B-49A1-8AC2-EF330F521FBD}.Debug|Any CPU.Build.0 = Debug|Any CPU
		{68141492-9F9B-49A1-8AC2-EF330F521FBD}.Release|Any CPU.ActiveCfg = Release|Any CPU
		{68141492-9F9B-49A1-8AC2-EF330F521FBD}.Release|Any CPU.Build.0 = Release|Any CPU
	EndGlobalSection
	GlobalSection(SolutionProperties) = preSolution
		HideSolutionNode = FALSE
	EndGlobalSection
EndGlobal
